{
  "pins" : [
    {
      "identity" : "backlightkit",
      "kind" : "remoteSourceControl",
      "location" : "https://github.com/totota-08/BacklightKit.git",
      "state" : {
        "revision" : "acc0fa68c1549a10b25481fb83d8535595f6fd11",
        "version" : "0.5.0"
      }
    }
  ],
  "version" : 2
}
